
Microsoft Visual Studio Solution File, Format Version 12.00
# Visual Studio Version 17
VisualStudioVersion = 17.6.33815.320
MinimumVisualStudioVersion = 10.0.40219.1
Project("{888888A0-9F3D-457C-B088-3A5042F75D52}") = "00_Saaranya_PhD_research optimization", "00_Saaranya_PhD_research optimization\00_Saaranya_PhD_research optimization.pyproj", "{282F1AE1-A0B7-4D97-842D-8449568C03B9}"
EndProject
Global
	GlobalSection(SolutionConfigurationPlatforms) = preSolution
		Debug|Any CPU = Debug|Any CPU
		Release|Any CPU = Release|Any CPU
	EndGlobalSection
	GlobalSection(ProjectConfigurationPlatforms) = postSolution
		{282F1AE1-A0B7-4D97-842D-8449568C03B9}.Debug|Any CPU.ActiveCfg = Debug|Any CPU
		{282F1AE1-A0B7-4D97-842D-8449568C03B9}.Release|Any CPU.ActiveCfg = Release|Any CPU
	EndGlobalSection
	GlobalSection(SolutionProperties) = preSolution
		HideSolutionNode = FALSE
	EndGlobalSection
	GlobalSection(ExtensibilityGlobals) = postSolution
		SolutionGuid = {45C9634B-B8FD-492D-A2AB-6269F4AC61EF}
	EndGlobalSection
EndGlobal
